
Microsoft Visual Studio Solution File, Format Version 12.00
# Visual Studio Version 16
VisualStudioVersion = 16.0.30011.22
MinimumVisualStudioVersion = 10.0.40219.1
Project("{9A19103F-16F7-4668-BE54-9A1E7A4F7556}") = "DatascopeTask", "DatascopeTask.csproj", "{9082BB51-56C9-48C7-8D4A-9B59F9C0F33C}"
EndProject
Project("{9A19103F-16F7-4668-BE54-9A1E7A4F7556}") = "DatascopeTask.Tests", "..\DatascopeTask.Tests\DatascopeTask.Tests.csproj", "{EC08AE0B-5BAC-4F7F-BB65-95F0268ED42B}"
EndProject
Global
	GlobalSection(SolutionConfigurationPlatforms) = preSolution
		Debug|Any CPU = Debug|Any CPU
		Release|Any CPU = Release|Any CPU
	EndGlobalSection
	GlobalSection(ProjectConfigurationPlatforms) = postSolution
		{9082BB51-56C9-48C7-8D4A-9B59F9C0F33C}.Debug|Any CPU.ActiveCfg = Debug|Any CPU
		{9082BB51-56C9-48C7-8D4A-9B59F9C0F33C}.Debug|Any CPU.Build.0 = Debug|Any CPU
		{9082BB51-56C9-48C7-8D4A-9B59F9C0F33C}.Release|Any CPU.ActiveCfg = Release|Any CPU
		{9082BB51-56C9-48C7-8D4A-9B59F9C0F33C}.Release|Any CPU.Build.0 = Release|Any CPU
		{EC08AE0B-5BAC-4F7F-BB65-95F0268ED42B}.Debug|Any CPU.ActiveCfg = Debug|Any CPU
		{EC08AE0B-5BAC-4F7F-BB65-95F0268ED42B}.Debug|Any CPU.Build.0 = Debug|Any CPU
		{EC08AE0B-5BAC-4F7F-BB65-95F0268ED42B}.Release|Any CPU.ActiveCfg = Release|Any CPU
		{EC08AE0B-5BAC-4F7F-BB65-95F0268ED42B}.Release|Any CPU.Build.0 = Release|Any CPU
	EndGlobalSection
	GlobalSection(SolutionProperties) = preSolution
		HideSolutionNode = FALSE
	EndGlobalSection
	GlobalSection(ExtensibilityGlobals) = postSolution
		SolutionGuid = {EB51F059-5D6C-4F8C-B040-CB999E9392A3}
	EndGlobalSection
EndGlobal
